dependencies:
- name: nats
  repository: https://nats-io.github.io/k8s/helm/charts/
  version: 0.13.1
- name: mongodb
  repository: https://charts.bitnami.com/bitnami
  version: 13.4.3
digest: sha256:123dde7a42eed953318db7c1d50bd587f87409b80944dc1a50f3f0d709c93f3e
generated: "2022-12-05T13:36:56.564141927Z"
