dependencies:
- name: nats
  repository: https://nats-io.github.io/k8s/helm/charts/
  version: 1.1.12
- name: mongodb
  repository: https://charts.bitnami.com/bitnami
  version: 13.18.3
- name: scylla
  repository: https://scylla-operator-charts.storage.googleapis.com/stable
  version: v1.10.0
digest: sha256:8d7349a2594577da352eaf52f69b1a01a77b311f5a2575396f4e3c8820dedf7f
generated: "2024-06-03T18:42:23.332574545Z"
