dependencies:
- name: nats
  repository: https://nats-io.github.io/k8s/helm/charts/
  version: 0.8.2
- name: mongodb
  repository: https://charts.bitnami.com/bitnami
  version: 10.21.2
digest: sha256:ea23a520c58c1ba871667572f82ec8dff8b075ef00620ff3ddbfa75b8f4d3e8b
generated: "2021-07-13T20:07:00.884217046+02:00"
